# THIS IS AN AUTOGENERATED FILE. DO NOT EDIT THIS FILE DIRECTLY.
# yarn lockfile v1


d3-format@^2.0.0:
  version "2.0.0"
  resolved "https://registry.yarnpkg.com/d3-format/-/d3-format-2.0.0.tgz#a10bcc0f986c372b729ba447382413aabf5b0767"
  integrity sha512-Ab3S6XuE/Q+flY96HXT0jOXcM4EAClYFnRGY5zsjRGNy6qCYrQsMffs7cV5Q9xejb35zxW5hf/guKw34kvIKsA==

date-fns@^2.19.0:
  version "2.19.0"
  resolved "https://registry.yarnpkg.com/date-fns/-/date-fns-2.19.0.tgz#65193348635a28d5d916c43ec7ce6fbd145059e1"
  integrity sha512-X3bf2iTPgCAQp9wvjOQytnf5vO5rESYRXlPIVcgSbtT5OTScPcsf9eZU+B/YIkKAtYr5WeCii58BgATrNitlWg==

node-fetch@^2.6.1:
  version "2.6.1"
  resolved "https://registry.yarnpkg.com/node-fetch/-/node-fetch-2.6.1.tgz#045bd323631f76ed2e2b55573394416b639a0052"
  integrity sha512-V4aYg89jEoVRxRb2fJdAg8FHvI7cEyYdVAh94HH0UIK8oJxUfkjlDQN9RbMx+bEjP7+ggMiFRprSti032Oipxw==

numeral@^2.0.6:
  version "2.0.6"
  resolved "https://registry.yarnpkg.com/numeral/-/numeral-2.0.6.tgz#4ad080936d443c2561aed9f2197efffe25f4e506"
  integrity sha1-StCAk21EPCVhrtnyGX7//iX05QY=

strava@^1.2.1:
  version "1.2.1"
  resolved "https://registry.yarnpkg.com/strava/-/strava-1.2.1.tgz#ef934565e601b76412cf3c6e308e9c39aea2aeba"
  integrity sha512-RNezZjJSWi5JZ/hm6jKv3WyPW32TgGYlWJ3VHmOj2cFqB+Vx4C7VkBgjqHZ882kWbP5baQa2lyGqvJsHJ+1suw==
  dependencies:
    node-fetch "^2.6.1"
